
Microsoft Visual Studio Solution File, Format Version 12.00
# Visual Studio Version 16
VisualStudioVersion = 16.0.29503.13
MinimumVisualStudioVersion = 10.0.40219.1
Project("{9A19103F-16F7-4668-BE54-9A1E7A4F7556}") = "SimpleTemplate-1", "SimpleTemplate-1\SimpleTemplate-1.csproj", "{FDCB0D86-2990-4E6C-89ED-363DA8F2405B}"
EndProject
Global
	GlobalSection(SolutionConfigurationPlatforms) = preSolution
		Debug|Any CPU = Debug|Any CPU
		Release|Any CPU = Release|Any CPU
	EndGlobalSection
	GlobalSection(ProjectConfigurationPlatforms) = postSolution
		{FDCB0D86-2990-4E6C-89ED-363DA8F2405B}.Debug|Any CPU.ActiveCfg = Debug|Any CPU
		{FDCB0D86-2990-4E6C-89ED-363DA8F2405B}.Debug|Any CPU.Build.0 = Debug|Any CPU
		{FDCB0D86-2990-4E6C-89ED-363DA8F2405B}.Release|Any CPU.ActiveCfg = Release|Any CPU
		{FDCB0D86-2990-4E6C-89ED-363DA8F2405B}.Release|Any CPU.Build.0 = Release|Any CPU
	EndGlobalSection
	GlobalSection(SolutionProperties) = preSolution
		HideSolutionNode = FALSE
	EndGlobalSection
	GlobalSection(ExtensibilityGlobals) = postSolution
		SolutionGuid = {3E4B8BEB-CB4F-4363-81F9-386D4EEE06A2}
	EndGlobalSection
EndGlobal
